// !$*UTF8*$!
{
	archiveVersion = 1;
	classes = {
	};
	objectVersion = 50;
	objects = {

/* Begin PBXBuildFile section */
		E4724B5724CA75540062C67A /* AppDelegate.m in Sources */ = {isa = PBXBuildFile; fileRef = E4724B5624CA75540062C67A /* AppDelegate.m */; };
		E4724B5A24CA75540062C67A /* SceneDelegate.m in Sources */ = {isa = PBXBuildFile; fileRef = E4724B5924CA75540062C67A /* SceneDelegate.m */; };
		E4724B5D24CA75540062C67A /* ViewController.m in Sources */ = {isa = PBXBuildFile; fileRef = E4724B5C24CA75540062C67A /* ViewController.m */; };
		E4724B6024CA75540062C67A /* Main.storyboard in Resources */ = {isa = PBXBuildFile; fileRef = E4724B5E24CA75540062C67A /* Main.storyboard */; };
		E4724B6224CA75550062C67A /* Assets.xcassets in Resources */ = {isa = PBXBuildFile; fileRef = E4724B6124CA75550062C67A /* Assets.xcassets */; };
		E4724B6524CA75550062C67A /* LaunchScreen.storyboard in Resources */ = {isa = PBXBuildFile; fileRef = E4724B6324CA75550062C67A /* LaunchScreen.storyboard */; };
		E4724B6824CA75550062C67A /* main.m in Sources */ = {isa = PBXBuildFile; fileRef = E4724B6724CA75550062C67A /* main.m */; };
		E4724B7224CA75550062C67A /* SaveJsonDataTests.m in Sources */ = {isa = PBXBuildFile; fileRef = E4724B7124CA75550062C67A /* SaveJsonDataTests.m */; };
		E4724B7D24CA75550062C67A /* SaveJsonDataUITests.m in Sources */ = {isa = PBXBuildFile; fileRef = E4724B7C24CA75550062C67A /* SaveJsonDataUITests.m */; };
/* End PBXBuildFile section */

/* Begin PBXContainerItemProxy section */
		E4724B6E24CA75550062C67A /* PBXContainerItemProxy */ = {
			isa = PBXContainerItemProxy;
			containerPortal = E4724B4A24CA75540062C67A /* Project object */;
			proxyType = 1;
			remoteGlobalIDString = E4724B5124CA75540062C67A;
			remoteInfo = SaveJsonData;
		};
		E4724B7924CA75550062C67A /* PBXContainerItemProxy */ = {
			isa = PBXContainerItemProxy;
			containerPortal = E4724B4A24CA75540062C67A /* Project object */;
			proxyType = 1;
			remoteGlobalIDString = E4724B5124CA75540062C67A;
			remoteInfo = SaveJsonData;
		};
/* End PBXContainerItemProxy section */

/* Begin PBXFileReference section */
		E4724B5224CA75540062C67A /* SaveJsonData.app */ = {isa = PBXFileReference; explicitFileType = wrapper.application; includeInIndex = 0; path = SaveJsonData.app; sourceTree = BUILT_PRODUCTS_DIR; };
		E4724B5524CA75540062C67A /* AppDelegate.h */ = {isa = PBXFileReference; lastKnownFileType = sourcecode.c.h; path = AppDelegate.h; sourceTree = "<group>"; };
		E4724B5624CA75540062C67A /* AppDelegate.m */ = {isa = PBXFileReference; lastKnownFileType = sourcecode.c.objc; path = AppDelegate.m; sourceTree = "<group>"; };
		E4724B5824CA75540062C67A /* SceneDelegate.h */ = {isa = PBXFileReference; lastKnownFileType = sourcecode.c.h; path = SceneDelegate.h; sourceTree = "<group>"; };
		E4724B5924CA75540062C67A /* SceneDelegate.m */ = {isa = PBXFileReference; lastKnownFileType = sourcecode.c.objc; path = SceneDelegate.m; sourceTree = "<group>"; };
		E4724B5B24CA75540062C67A /* ViewController.h */ = {isa = PBXFileReference; lastKnownFileType = sourcecode.c.h; path = ViewController.h; sourceTree = "<group>"; };
		E4724B5C24CA75540062C67A /* ViewController.m */ = {isa = PBXFileReference; lastKnownFileType = sourcecode.c.objc; path = ViewController.m; sourceTree = "<group>"; };
		E4724B5F24CA75540062C67A /* Base */ = {isa = PBXFileReference; lastKnownFileType = file.storyboard; name = Base; path = Base.lproj/Main.storyboard; sourceTree = "<group>"; };
		E4724B6124CA75550062C67A /* Assets.xcassets */ = {isa = PBXFileReference; lastKnownFileType = folder.assetcatalog; path = Assets.xcassets; sourceTree = "<group>"; };
		E4724B6424CA75550062C67A /* Base */ = {isa = PBXFileReference; lastKnownFileType = file.storyboard; name = Base; path = Base.lproj/LaunchScreen.storyboard; sourceTree = "<group>"; };
		E4724B6624CA75550062C67A /* Info.plist */ = {isa = PBXFileReference; lastKnownFileType = text.plist.xml; path = Info.plist; sourceTree = "<group>"; };
		E4724B6724CA75550062C67A /* main.m */ = {isa = PBXFileReference; lastKnownFileType = sourcecode.c.objc; path = main.m; sourceTree = "<group>"; };
		E4724B6D24CA75550062C67A /* SaveJsonDataTests.xctest */ = {isa = PBXFileReference; explicitFileType = wrapper.cfbundle; includeInIndex = 0; path = SaveJsonDataTests.xctest; sourceTree = BUILT_PRODUCTS_DIR; };
		E4724B7124CA75550062C67A /* SaveJsonDataTests.m */ = {isa = PBXFileReference; lastKnownFileType = sourcecode.c.objc; path = SaveJsonDataTests.m; sourceTree = "<group>"; };
		E4724B7324CA75550062C67A /* Info.plist */ = {isa = PBXFileReference; lastKnownFileType = text.plist.xml; path = Info.plist; sourceTree = "<group>"; };
		E4724B7824CA75550062C67A /* SaveJsonDataUITests.xctest */ = {isa = PBXFileReference; explicitFileType = wrapper.cfbundle; includeInIndex = 0; path = SaveJsonDataUITests.xctest; sourceTree = BUILT_PRODUCTS_DIR; };
		E4724B7C24CA75550062C67A /* SaveJsonDataUITests.m */ = {isa = PBXFileReference; lastKnownFileType = sourcecode.c.objc; path = SaveJsonDataUITests.m; sourceTree = "<group>"; };
		E4724B7E24CA75550062C67A /* Info.plist */ = {isa = PBXFileReference; lastKnownFileType = text.plist.xml; path = Info.plist; sourceTree = "<group>"; };
/* End PBXFileReference section */

/* Begin PBXFrameworksBuildPhase section */
		E4724B4F24CA75540062C67A /* Frameworks */ = {
			isa = PBXFrameworksBuildPhase;
			buildActionMask = 2147483647;
			files = (
			);
			runOnlyForDeploymentPostprocessing = 0;
		};
		E4724B6A24CA75550062C67A /* Frameworks */ = {
			isa = PBXFrameworksBuildPhase;
			buildActionMask = 2147483647;
			files = (
			);
			runOnlyForDeploymentPostprocessing = 0;
		};
		E4724B7524CA75550062C67A /* Frameworks */ = {
			isa = PBXFrameworksBuildPhase;
			buildActionMask = 2147483647;
			files = (
			);
			runOnlyForDeploymentPostprocessing = 0;
		};
/* End PBXFrameworksBuildPhase section */

/* Begin PBXGroup section */
		E4724B4924CA75540062C67A = {
			isa = PBXGroup;
			children = (
				E4724B5424CA75540062C67A /* SaveJsonData */,
				E4724B7024CA75550062C67A /* SaveJsonDataTests */,
				E4724B7B24CA75550062C67A /* SaveJsonDataUITests */,
				E4724B5324CA75540062C67A /* Products */,
			);
			sourceTree = "<group>";
		};
		E4724B5324CA75540062C67A /* Products */ = {
			isa = PBXGroup;
			children = (
				E4724B5224CA75540062C67A /* SaveJsonData.app */,
				E4724B6D24CA75550062C67A /* SaveJsonDataTests.xctest */,
				E4724B7824CA75550062C67A /* SaveJsonDataUITests.xctest */,
			);
			name = Products;
			sourceTree = "<group>";
		};
		E4724B5424CA75540062C67A /* SaveJsonData */ = {
			isa = PBXGroup;
			children = (
				E4724B5524CA75540062C67A /* AppDelegate.h */,
				E4724B5624CA75540062C67A /* AppDelegate.m */,
				E4724B5824CA75540062C67A /* SceneDelegate.h */,
				E4724B5924CA75540062C67A /* SceneDelegate.m */,
				E4724B5B24CA75540062C67A /* ViewController.h */,
				E4724B5C24CA75540062C67A /* ViewController.m */,
				E4724B5E24CA75540062C67A /* Main.storyboard */,
				E4724B6124CA75550062C67A /* Assets.xcassets */,
				E4724B6324CA75550062C67A /* LaunchScreen.storyboard */,
				E4724B6624CA75550062C67A /* Info.plist */,
				E4724B6724CA75550062C67A /* main.m */,
			);
			path = SaveJsonData;
			sourceTree = "<group>";
		};
		E4724B7024CA75550062C67A /* SaveJsonDataTests */ = {
			isa = PBXGroup;
			children = (
				E4724B7124CA75550062C67A /* SaveJsonDataTests.m */,
				E4724B7324CA75550062C67A /* Info.plist */,
			);
			path = SaveJsonDataTests;
			sourceTree = "<group>";
		};
		E4724B7B24CA75550062C67A /* SaveJsonDataUITests */ = {
			isa = PBXGroup;
			children = (
				E4724B7C24CA75550062C67A /* SaveJsonDataUITests.m */,
				E4724B7E24CA75550062C67A /* Info.plist */,
			);
			path = SaveJsonDataUITests;
			sourceTree = "<group>";
		};
/* End PBXGroup section */

/* Begin PBXNativeTarget section */
		E4724B5124CA75540062C67A /* SaveJsonData */ = {
			isa = PBXNativeTarget;
			buildConfigurationList = E4724B8124CA75550062C67A /* Build configuration list for PBXNativeTarget "SaveJsonData" */;
			buildPhases = (
				E4724B4E24CA75540062C67A /* Sources */,
				E4724B4F24CA75540062C67A /* Frameworks */,
				E4724B5024CA75540062C67A /* Resources */,
			);
			buildRules = (
			);
			dependencies = (
			);
			name = SaveJsonData;
			productName = SaveJsonData;
			productReference = E4724B5224CA75540062C67A /* SaveJsonData.app */;
			productType = "com.apple.product-type.application";
		};
		E4724B6C24CA75550062C67A /* SaveJsonDataTests */ = {
			isa = PBXNativeTarget;
			buildConfigurationList = E4724B8424CA75550062C67A /* Build configuration list for PBXNativeTarget "SaveJsonDataTests" */;
			buildPhases = (
				E4724B6924CA75550062C67A /* Sources */,
				E4724B6A24CA75550062C67A /* Frameworks */,
				E4724B6B24CA75550062C67A /* Resources */,
			);
			buildRules = (
			);
			dependencies = (
				E4724B6F24CA75550062C67A /* PBXTargetDependency */,
			);
			name = SaveJsonDataTests;
			productName = SaveJsonDataTests;
			productReference = E4724B6D24CA75550062C67A /* SaveJsonDataTests.xctest */;
			productType = "com.apple.product-type.bundle.unit-test";
		};
		E4724B7724CA75550062C67A /* SaveJsonDataUITests */ = {
			isa = PBXNativeTarget;
			buildConfigurationList = E4724B8724CA75550062C67A /* Build configuration list for PBXNativeTarget "SaveJsonDataUITests" */;
			buildPhases = (
				E4724B7424CA75550062C67A /* Sources */,
				E4724B7524CA75550062C67A /* Frameworks */,
				E4724B7624CA75550062C67A /* Resources */,
			);
			buildRules = (
			);
			dependencies = (
				E4724B7A24CA75550062C67A /* PBXTargetDependency */,
			);
			name = SaveJsonDataUITests;
			productName = SaveJsonDataUITests;
			productReference = E4724B7824CA75550062C67A /* SaveJsonDataUITests.xctest */;
			productType = "com.apple.product-type.bundle.ui-testing";
		};
/* End PBXNativeTarget section */

/* Begin PBXProject section */
		E4724B4A24CA75540062C67A /* Project object */ = {
			isa = PBXProject;
			attributes = {
				LastUpgradeCheck = 1160;
				ORGANIZATIONNAME = "范磊";
				TargetAttributes = {
					E4724B5124CA75540062C67A = {
						CreatedOnToolsVersion = 11.6;
					};
					E4724B6C24CA75550062C67A = {
						CreatedOnToolsVersion = 11.6;
						TestTargetID = E4724B5124CA75540062C67A;
					};
					E4724B7724CA75550062C67A = {
						CreatedOnToolsVersion = 11.6;
						TestTargetID = E4724B5124CA75540062C67A;
					};
				};
			};
			buildConfigurationList = E4724B4D24CA75540062C67A /* Build configuration list for PBXProject "SaveJsonData" */;
			compatibilityVersion = "Xcode 9.3";
			developmentRegion = en;
			hasScannedForEncodings = 0;
			knownRegions = (
				en,
				Base,
			);
			mainGroup = E4724B4924CA75540062C67A;
			productRefGroup = E4724B5324CA75540062C67A /* Products */;
			projectDirPath = "";
			projectRoot = "";
			targets = (
				E4724B5124CA75540062C67A /* SaveJsonData */,
				E4724B6C24CA75550062C67A /* SaveJsonDataTests */,
				E4724B7724CA75550062C67A /* SaveJsonDataUITests */,
			);
		};
/* End PBXProject section */

/* Begin PBXResourcesBuildPhase section */
		E4724B5024CA75540062C67A /* Resources */ = {
			isa = PBXResourcesBuildPhase;
			buildActionMask = 2147483647;
			files = (
				E4724B6524CA75550062C67A /* LaunchScreen.storyboard in Resources */,
				E4724B6224CA75550062C67A /* Assets.xcassets in Resources */,
				E4724B6024CA75540062C67A /* Main.storyboard in Resources */,
			);
			runOnlyForDeploymentPostprocessing = 0;
		};
		E4724B6B24CA75550062C67A /* Resources */ = {
			isa = PBXResourcesBuildPhase;
			buildActionMask = 2147483647;
			files = (
			);
			runOnlyForDeploymentPostprocessing = 0;
		};
		E4724B7624CA75550062C67A /* Resources */ = {
			isa = PBXResourcesBuildPhase;
			buildActionMask = 2147483647;
			files = (
			);
			runOnlyForDeploymentPostprocessing = 0;
		};
/* End PBXResourcesBuildPhase section */

/* Begin PBXSourcesBuildPhase section */
		E4724B4E24CA75540062C67A /* Sources */ = {
			isa = PBXSourcesBuildPhase;
			buildActionMask = 2147483647;
			files = (
				E4724B5D24CA75540062C67A /* ViewController.m in Sources */,
				E4724B5724CA75540062C67A /* AppDelegate.m in Sources */,
				E4724B6824CA75550062C67A /* main.m in Sources */,
				E4724B5A24CA75540062C67A /* SceneDelegate.m in Sources */,
			);
			runOnlyForDeploymentPostprocessing = 0;
		};
		E4724B6924CA75550062C67A /* Sources */ = {
			isa = PBXSourcesBuildPhase;
			buildActionMask = 2147483647;
			files = (
				E4724B7224CA75550062C67A /* SaveJsonDataTests.m in Sources */,
			);
			runOnlyForDeploymentPostprocessing = 0;
		};
		E4724B7424CA75550062C67A /* Sources */ = {
			isa = PBXSourcesBuildPhase;
			buildActionMask = 2147483647;
			files = (
				E4724B7D24CA75550062C67A /* SaveJsonDataUITests.m in Sources */,
			);
			runOnlyForDeploymentPostprocessing = 0;
		};
/* End PBXSourcesBuildPhase section */

/* Begin PBXTargetDependency section */
		E4724B6F24CA75550062C67A /* PBXTargetDependency */ = {
			isa = PBXTargetDependency;
			target = E4724B5124CA75540062C67A /* SaveJsonData */;
			targetProxy = E4724B6E24CA75550062C67A /* PBXContainerItemProxy */;
		};
		E4724B7A24CA75550062C67A /* PBXTargetDependency */ = {
			isa = PBXTargetDependency;
			target = E4724B5124CA75540062C67A /* SaveJsonData */;
			targetProxy = E4724B7924CA75550062C67A /* PBXContainerItemProxy */;
		};
/* End PBXTargetDependency section */

/* Begin PBXVariantGroup section */
		E4724B5E24CA75540062C67A /* Main.storyboard */ = {
			isa = PBXVariantGroup;
			children = (
				E4724B5F24CA75540062C67A /* Base */,
			);
			name = Main.storyboard;
			sourceTree = "<group>";
		};
		E4724B6324CA75550062C67A /* LaunchScreen.storyboard */ = {
			isa = PBXVariantGroup;
			children = (
				E4724B6424CA75550062C67A /* Base */,
			);
			name = LaunchScreen.storyboard;
			sourceTree = "<group>";
		};
/* End PBXVariantGroup section */

/* Begin XCBuildConfiguration section */
		E4724B7F24CA75550062C67A /* Debug */ = {
			isa = XCBuildConfiguration;
			buildSettings = {
				ALWAYS_SEARCH_USER_PATHS = NO;
				CLANG_ANALYZER_NONNULL = YES;
				CLANG_ANALYZER_NUMBER_OBJECT_CONVERSION = YES_AGGRESSIVE;
				CLANG_CXX_LANGUAGE_STANDARD = "gnu++14";
				CLANG_CXX_LIBRARY = "libc++";
				CLANG_ENABLE_MODULES = YES;
				CLANG_ENABLE_OBJC_ARC = YES;
				CLANG_ENABLE_OBJC_WEAK = YES;
				CLANG_WARN_BLOCK_CAPTURE_AUTORELEASING = YES;
				CLANG_WARN_BOOL_CONVERSION = YES;
				CLANG_WARN_COMMA = YES;
				CLANG_WARN_CONSTANT_CONVERSION = YES;
				CLANG_WARN_DEPRECATED_OBJC_IMPLEMENTATIONS = YES;
				CLANG_WARN_DIRECT_OBJC_ISA_USAGE = YES_ERROR;
				CLANG_WARN_DOCUMENTATION_COMMENTS = YES;
				CLANG_WARN_EMPTY_BODY = YES;
				CLANG_WARN_ENUM_CONVERSION = YES;
				CLANG_WARN_INFINITE_RECURSION = YES;
				CLANG_WARN_INT_CONVERSION = YES;
				CLANG_WARN_NON_LITERAL_NULL_CONVERSION = YES;
				CLANG_WARN_OBJC_IMPLICIT_RETAIN_SELF = YES;
				CLANG_WARN_OBJC_LITERAL_CONVERSION = YES;
				CLANG_WARN_OBJC_ROOT_CLASS = YES_ERROR;
				CLANG_WARN_RANGE_LOOP_ANALYSIS = YES;
				CLANG_WARN_STRICT_PROTOTYPES = YES;
				CLANG_WARN_SUSPICIOUS_MOVE = YES;
				CLANG_WARN_UNGUARDED_AVAILABILITY = YES_AGGRESSIVE;
				CLANG_WARN_UNREACHABLE_CODE = YES;
				CLANG_WARN__DUPLICATE_METHOD_MATCH = YES;
				COPY_PHASE_STRIP = NO;
				DEBUG_INFORMATION_FORMAT = dwarf;
				ENABLE_STRICT_OBJC_MSGSEND = YES;
				ENABLE_TESTABILITY = YES;
				GCC_C_LANGUAGE_STANDARD = gnu11;
				GCC_DYNAMIC_NO_PIC = NO;
				GCC_NO_COMMON_BLOCKS = YES;
				GCC_OPTIMIZATION_LEVEL = 0;
				GCC_PREPROCESSOR_DEFINITIONS = (
					"DEBUG=1",
					"$(inherited)",
				);
				GCC_WARN_64_TO_32_BIT_CONVERSION = YES;
				GCC_WARN_ABOUT_RETURN_TYPE = YES_ERROR;
				GCC_WARN_UNDECLARED_SELECTOR = YES;
				GCC_WARN_UNINITIALIZED_AUTOS = YES_AGGRESSIVE;
				GCC_WARN_UNUSED_FUNCTION = YES;
				GCC_WARN_UNUSED_VARIABLE = YES;
				IPHONEOS_DEPLOYMENT_TARGET = 13.6;
				MTL_ENABLE_DEBUG_INFO = INCLUDE_SOURCE;
				MTL_FAST_MATH = YES;
				ONLY_ACTIVE_ARCH = YES;
				SDKROOT = iphoneos;
			};
			name = Debug;
		};
		E4724B8024CA75550062C67A /* Release */ = {
			isa = XCBuildConfiguration;
			buildSettings = {
				ALWAYS_SEARCH_USER_PATHS = NO;
				CLANG_ANALYZER_NONNULL = YES;
				CLANG_ANALYZER_NUMBER_OBJECT_CONVERSION = YES_AGGRESSIVE;
				CLANG_CXX_LANGUAGE_STANDARD = "gnu++14";
				CLANG_CXX_LIBRARY = "libc++";
				CLANG_ENABLE_MODULES = YES;
				CLANG_ENABLE_OBJC_ARC = YES;
				CLANG_ENABLE_OBJC_WEAK = YES;
				CLANG_WARN_BLOCK_CAPTURE_AUTORELEASING = YES;
				CLANG_WARN_BOOL_CONVERSION = YES;
				CLANG_WARN_COMMA = YES;
				CLANG_WARN_CONSTANT_CONVERSION = YES;
				CLANG_WARN_DEPRECATED_OBJC_IMPLEMENTATIONS = YES;
				CLANG_WARN_DIRECT_OBJC_ISA_USAGE = YES_ERROR;
				CLANG_WARN_DOCUMENTATION_COMMENTS = YES;
				CLANG_WARN_EMPTY_BODY = YES;
				CLANG_WARN_ENUM_CONVERSION = YES;
				CLANG_WARN_INFINITE_RECURSION = YES;
				CLANG_WARN_INT_CONVERSION = YES;
				CLANG_WARN_NON_LITERAL_NULL_CONVERSION = YES;
				CLANG_WARN_OBJC_IMPLICIT_RETAIN_SELF = YES;
				CLANG_WARN_OBJC_LITERAL_CONVERSION = YES;
				CLANG_WARN_OBJC_ROOT_CLASS = YES_ERROR;
				CLANG_WARN_RANGE_LOOP_ANALYSIS = YES;
				CLANG_WARN_STRICT_PROTOTYPES = YES;
				CLANG_WARN_SUSPICIOUS_MOVE = YES;
				CLANG_WARN_UNGUARDED_AVAILABILITY = YES_AGGRESSIVE;
				CLANG_WARN_UNREACHABLE_CODE = YES;
				CLANG_WARN__DUPLICATE_METHOD_MATCH = YES;
				COPY_PHASE_STRIP = NO;
				DEBUG_INFORMATION_FORMAT = "dwarf-with-dsym";
				ENABLE_NS_ASSERTIONS = NO;
				ENABLE_STRICT_OBJC_MSGSEND = YES;
				GCC_C_LANGUAGE_STANDARD = gnu11;
				GCC_NO_COMMON_BLOCKS = YES;
				GCC_WARN_64_TO_32_BIT_CONVERSION = YES;
				GCC_WARN_ABOUT_RETURN_TYPE = YES_ERROR;
				GCC_WARN_UNDECLARED_SELECTOR = YES;
				GCC_WARN_UNINITIALIZED_AUTOS = YES_AGGRESSIVE;
				GCC_WARN_UNUSED_FUNCTION = YES;
				GCC_WARN_UNUSED_VARIABLE = YES;
				IPHONEOS_DEPLOYMENT_TARGET = 13.6;
				MTL_ENABLE_DEBUG_INFO = NO;
				MTL_FAST_MATH = YES;
				SDKROOT = iphoneos;
				VALIDATE_PRODUCT = YES;
			};
			name = Release;
		};
		E4724B8224CA75550062C67A /* Debug */ = {
			isa = XCBuildConfiguration;
			buildSettings = {
				ASSETCATALOG_COMPILER_APPICON_NAME = AppIcon;
				CODE_SIGN_STYLE = Automatic;
				DEVELOPMENT_TEAM = TFZMQN5UU6;
				INFOPLIST_FILE = SaveJsonData/Info.plist;
				LD_RUNPATH_SEARCH_PATHS = (
					"$(inherited)",
					"@executable_path/Frameworks",
				);
				PRODUCT_BUNDLE_IDENTIFIER = TX.SaveJsonData;
				PRODUCT_NAME = "$(TARGET_NAME)";
				TARGETED_DEVICE_FAMILY = "1,2";
			};
			name = Debug;
		};
		E4724B8324CA75550062C67A /* Release */ = {
			isa = XCBuildConfiguration;
			buildSettings = {
				ASSETCATALOG_COMPILER_APPICON_NAME = AppIcon;
				CODE_SIGN_STYLE = Automatic;
				DEVELOPMENT_TEAM = TFZMQN5UU6;
				INFOPLIST_FILE = SaveJsonData/Info.plist;
				LD_RUNPATH_SEARCH_PATHS = (
					"$(inherited)",
					"@executable_path/Frameworks",
				);
				PRODUCT_BUNDLE_IDENTIFIER = TX.SaveJsonData;
				PRODUCT_NAME = "$(TARGET_NAME)";
				TARGETED_DEVICE_FAMILY = "1,2";
			};
			name = Release;
		};
		E4724B8524CA75550062C67A /* Debug */ = {
			isa = XCBuildConfiguration;
			buildSettings = {
				BUNDLE_LOADER = "$(TEST_HOST)";
				CODE_SIGN_STYLE = Automatic;
				DEVELOPMENT_TEAM = TFZMQN5UU6;
				INFOPLIST_FILE = SaveJsonDataTests/Info.plist;
				IPHONEOS_DEPLOYMENT_TARGET = 13.6;
				LD_RUNPATH_SEARCH_PATHS = (
					"$(inherited)",
					"@executable_path/Frameworks",
					"@loader_path/Frameworks",
				);
				PRODUCT_BUNDLE_IDENTIFIER = TX.SaveJsonDataTests;
				PRODUCT_NAME = "$(TARGET_NAME)";
				TARGETED_DEVICE_FAMILY = "1,2";
				TEST_HOST = "$(BUILT_PRODUCTS_DIR)/SaveJsonData.app/SaveJsonData";
			};
			name = Debug;
		};
		E4724B8624CA75550062C67A /* Release */ = {
			isa = XCBuildConfiguration;
			buildSettings = {
				BUNDLE_LOADER = "$(TEST_HOST)";
				CODE_SIGN_STYLE = Automatic;
				DEVELOPMENT_TEAM = TFZMQN5UU6;
				INFOPLIST_FILE = SaveJsonDataTests/Info.plist;
				IPHONEOS_DEPLOYMENT_TARGET = 13.6;
				LD_RUNPATH_SEARCH_PATHS = (
					"$(inherited)",
					"@executable_path/Frameworks",
					"@loader_path/Frameworks",
				);
				PRODUCT_BUNDLE_IDENTIFIER = TX.SaveJsonDataTests;
				PRODUCT_NAME = "$(TARGET_NAME)";
				TARGETED_DEVICE_FAMILY = "1,2";
				TEST_HOST = "$(BUILT_PRODUCTS_DIR)/SaveJsonData.app/SaveJsonData";
			};
			name = Release;
		};
		E4724B8824CA75550062C67A /* Debug */ = {
			isa = XCBuildConfiguration;
			buildSettings = {
				CODE_SIGN_STYLE = Automatic;
				DEVELOPMENT_TEAM = TFZMQN5UU6;
				INFOPLIST_FILE = SaveJsonDataUITests/Info.plist;
				LD_RUNPATH_SEARCH_PATHS = (
					"$(inherited)",
					"@executable_path/Frameworks",
					"@loader_path/Frameworks",
				);
				PRODUCT_BUNDLE_IDENTIFIER = TX.SaveJsonDataUITests;
				PRODUCT_NAME = "$(TARGET_NAME)";
				TARGETED_DEVICE_FAMILY = "1,2";
				TEST_TARGET_NAME = SaveJsonData;
			};
			name = Debug;
		};
		E4724B8924CA75550062C67A /* Release */ = {
			isa = XCBuildConfiguration;
			buildSettings = {
				CODE_SIGN_STYLE = Automatic;
				DEVELOPMENT_TEAM = TFZMQN5UU6;
				INFOPLIST_FILE = SaveJsonDataUITests/Info.plist;
				LD_RUNPATH_SEARCH_PATHS = (
					"$(inherited)",
					"@executable_path/Frameworks",
					"@loader_path/Frameworks",
				);
				PRODUCT_BUNDLE_IDENTIFIER = TX.SaveJsonDataUITests;
				PRODUCT_NAME = "$(TARGET_NAME)";
				TARGETED_DEVICE_FAMILY = "1,2";
				TEST_TARGET_NAME = SaveJsonData;
			};
			name = Release;
		};
/* End XCBuildConfiguration section */

/* Begin XCConfigurationList section */
		E4724B4D24CA75540062C67A /* Build configuration list for PBXProject "SaveJsonData" */ = {
			isa = XCConfigurationList;
			buildConfigurations = (
				E4724B7F24CA75550062C67A /* Debug */,
				E4724B8024CA75550062C67A /* Release */,
			);
			defaultConfigurationIsVisible = 0;
			defaultConfigurationName = Release;
		};
		E4724B8124CA75550062C67A /* Build configuration list for PBXNativeTarget "SaveJsonData" */ = {
			isa = XCConfigurationList;
			buildConfigurations = (
				E4724B8224CA75550062C67A /* Debug */,
				E4724B8324CA75550062C67A /* Release */,
			);
			defaultConfigurationIsVisible = 0;
			defaultConfigurationName = Release;
		};
		E4724B8424CA75550062C67A /* Build configuration list for PBXNativeTarget "SaveJsonDataTests" */ = {
			isa = XCConfigurationList;
			buildConfigurations = (
				E4724B8524CA75550062C67A /* Debug */,
				E4724B8624CA75550062C67A /* Release */,
			);
			defaultConfigurationIsVisible = 0;
			defaultConfigurationName = Release;
		};
		E4724B8724CA75550062C67A /* Build configuration list for PBXNativeTarget "SaveJsonDataUITests" */ = {
			isa = XCConfigurationList;
			buildConfigurations = (
				E4724B8824CA75550062C67A /* Debug */,
				E4724B8924CA75550062C67A /* Release */,
			);
			defaultConfigurationIsVisible = 0;
			defaultConfigurationName = Release;
		};
/* End XCConfigurationList section */
	};
	rootObject = E4724B4A24CA75540062C67A /* Project object */;
}
